// !$*UTF8*$!
{
	archiveVersion = 1;
	classes = {
	};
	objectVersion = 46;
	objects = {

/* Begin PBXBuildFile section */
		DE15966D9EB15E9B28DF3687 /* Pods_KSPopViewDemo.framework in Frameworks */ = {isa = PBXBuildFile; fileRef = 91103BA8ED21F0B153ED13D7 /* Pods_KSPopViewDemo.framework */; };
		FB2BAD681E8FC49400374939 /* toast_bg@2x.png in Resources */ = {isa = PBXBuildFile; fileRef = FB2BAD671E8FC49400374939 /* toast_bg@2x.png */; };
		FB5216011E8E58E300132DE9 /* AppDelegate.swift in Sources */ = {isa = PBXBuildFile; fileRef = FB5216001E8E58E300132DE9 /* AppDelegate.swift */; };
		FB5216031E8E58E300132DE9 /* ViewController.swift in Sources */ = {isa = PBXBuildFile; fileRef = FB5216021E8E58E300132DE9 /* ViewController.swift */; };
		FB5216061E8E58E300132DE9 /* Main.storyboard in Resources */ = {isa = PBXBuildFile; fileRef = FB5216041E8E58E300132DE9 /* Main.storyboard */; };
		FB5216081E8E58E300132DE9 /* Assets.xcassets in Resources */ = {isa = PBXBuildFile; fileRef = FB5216071E8E58E300132DE9 /* Assets.xcassets */; };
		FB52160B1E8E58E300132DE9 /* LaunchScreen.storyboard in Resources */ = {isa = PBXBuildFile; fileRef = FB5216091E8E58E300132DE9 /* LaunchScreen.storyboard */; };
		FB5216161E8E58E300132DE9 /* KSPopViewDemoTests.swift in Sources */ = {isa = PBXBuildFile; fileRef = FB5216151E8E58E300132DE9 /* KSPopViewDemoTests.swift */; };
		FB5216211E8E58E300132DE9 /* KSPopViewDemoUITests.swift in Sources */ = {isa = PBXBuildFile; fileRef = FB5216201E8E58E300132DE9 /* KSPopViewDemoUITests.swift */; };
		FB5216301E8E591D00132DE9 /* KSPopView.swift in Sources */ = {isa = PBXBuildFile; fileRef = FB52162F1E8E591D00132DE9 /* KSPopView.swift */; };
		FBBF85441E94EE9D001A246B /* ic_success@2x.png in Resources */ = {isa = PBXBuildFile; fileRef = FBBF85431E94EE9D001A246B /* ic_success@2x.png */; };
		FBBF85461E964722001A246B /* UIImage+Gif.swift in Sources */ = {isa = PBXBuildFile; fileRef = FBBF85451E964722001A246B /* UIImage+Gif.swift */; };
		FBBF854A1E973D61001A246B /* Data+Format.swift in Sources */ = {isa = PBXBuildFile; fileRef = FBBF85491E973D61001A246B /* Data+Format.swift */; };
		FBBF854E1E977114001A246B /* loading.gif in Resources */ = {isa = PBXBuildFile; fileRef = FBBF854D1E977114001A246B /* loading.gif */; };
/* End PBXBuildFile section */

/* Begin PBXContainerItemProxy section */
		FB5216121E8E58E300132DE9 /* PBXContainerItemProxy */ = {
			isa = PBXContainerItemProxy;
			containerPortal = FB5215F51E8E58E300132DE9 /* Project object */;
			proxyType = 1;
			remoteGlobalIDString = FB5215FC1E8E58E300132DE9;
			remoteInfo = KSPopViewDemo;
		};
		FB52161D1E8E58E300132DE9 /* PBXContainerItemProxy */ = {
			isa = PBXContainerItemProxy;
			containerPortal = FB5215F51E8E58E300132DE9 /* Project object */;
			proxyType = 1;
			remoteGlobalIDString = FB5215FC1E8E58E300132DE9;
			remoteInfo = KSPopViewDemo;
		};
/* End PBXContainerItemProxy section */

/* Begin PBXFileReference section */
		21FD4582200005E3236E0EEF /* Pods-KSPopViewDemo.release.xcconfig */ = {isa = PBXFileReference; includeInIndex = 1; lastKnownFileType = text.xcconfig; name = "Pods-KSPopViewDemo.release.xcconfig"; path = "Pods/Target Support Files/Pods-KSPopViewDemo/Pods-KSPopViewDemo.release.xcconfig"; sourceTree = "<group>"; };
		78CC3920CDEFC15E2BD67D7C /* Pods-KSPopViewDemo.debug.xcconfig */ = {isa = PBXFileReference; includeInIndex = 1; lastKnownFileType = text.xcconfig; name = "Pods-KSPopViewDemo.debug.xcconfig"; path = "Pods/Target Support Files/Pods-KSPopViewDemo/Pods-KSPopViewDemo.debug.xcconfig"; sourceTree = "<group>"; };
		91103BA8ED21F0B153ED13D7 /* Pods_KSPopViewDemo.framework */ = {isa = PBXFileReference; explicitFileType = wrapper.framework; includeInIndex = 0; path = Pods_KSPopViewDemo.framework; sourceTree = BUILT_PRODUCTS_DIR; };
		FB2BAD671E8FC49400374939 /* toast_bg@2x.png */ = {isa = PBXFileReference; lastKnownFileType = image.png; path = "toast_bg@2x.png"; sourceTree = "<group>"; };
		FB5215FD1E8E58E300132DE9 /* KSPopViewDemo.app */ = {isa = PBXFileReference; explicitFileType = wrapper.application; includeInIndex = 0; path = KSPopViewDemo.app; sourceTree = BUILT_PRODUCTS_DIR; };
		FB5216001E8E58E300132DE9 /* AppDelegate.swift */ = {isa = PBXFileReference; lastKnownFileType = sourcecode.swift; path = AppDelegate.swift; sourceTree = "<group>"; };
		FB5216021E8E58E300132DE9 /* ViewController.swift */ = {isa = PBXFileReference; lastKnownFileType = sourcecode.swift; path = ViewController.swift; sourceTree = "<group>"; };
		FB5216051E8E58E300132DE9 /* Base */ = {isa = PBXFileReference; lastKnownFileType = file.storyboard; name = Base; path = Base.lproj/Main.storyboard; sourceTree = "<group>"; };
		FB5216071E8E58E300132DE9 /* Assets.xcassets */ = {isa = PBXFileReference; lastKnownFileType = folder.assetcatalog; path = Assets.xcassets; sourceTree = "<group>"; };
		FB52160A1E8E58E300132DE9 /* Base */ = {isa = PBXFileReference; lastKnownFileType = file.storyboard; name = Base; path = Base.lproj/LaunchScreen.storyboard; sourceTree = "<group>"; };
		FB52160C1E8E58E300132DE9 /* Info.plist */ = {isa = PBXFileReference; lastKnownFileType = text.plist.xml; path = Info.plist; sourceTree = "<group>"; };
		FB5216111E8E58E300132DE9 /* KSPopViewDemoTests.xctest */ = {isa = PBXFileReference; explicitFileType = wrapper.cfbundle; includeInIndex = 0; path = KSPopViewDemoTests.xctest; sourceTree = BUILT_PRODUCTS_DIR; };
		FB5216151E8E58E300132DE9 /* KSPopViewDemoTests.swift */ = {isa = PBXFileReference; lastKnownFileType = sourcecode.swift; path = KSPopViewDemoTests.swift; sourceTree = "<group>"; };
		FB5216171E8E58E300132DE9 /* Info.plist */ = {isa = PBXFileReference; lastKnownFileType = text.plist.xml; path = Info.plist; sourceTree = "<group>"; };
		FB52161C1E8E58E300132DE9 /* KSPopViewDemoUITests.xctest */ = {isa = PBXFileReference; explicitFileType = wrapper.cfbundle; includeInIndex = 0; path = KSPopViewDemoUITests.xctest; sourceTree = BUILT_PRODUCTS_DIR; };
		FB5216201E8E58E300132DE9 /* KSPopViewDemoUITests.swift */ = {isa = PBXFileReference; lastKnownFileType = sourcecode.swift; path = KSPopViewDemoUITests.swift; sourceTree = "<group>"; };
		FB5216221E8E58E300132DE9 /* Info.plist */ = {isa = PBXFileReference; lastKnownFileType = text.plist.xml; path = Info.plist; sourceTree = "<group>"; };
		FB52162F1E8E591D00132DE9 /* KSPopView.swift */ = {isa = PBXFileReference; fileEncoding = 4; lastKnownFileType = sourcecode.swift; path = KSPopView.swift; sourceTree = "<group>"; };
		FBBF85431E94EE9D001A246B /* ic_success@2x.png */ = {isa = PBXFileReference; lastKnownFileType = image.png; path = "ic_success@2x.png"; sourceTree = "<group>"; };
		FBBF85451E964722001A246B /* UIImage+Gif.swift */ = {isa = PBXFileReference; fileEncoding = 4; lastKnownFileType = sourcecode.swift; path = "UIImage+Gif.swift"; sourceTree = "<group>"; };
		FBBF85491E973D61001A246B /* Data+Format.swift */ = {isa = PBXFileReference; fileEncoding = 4; lastKnownFileType = sourcecode.swift; path = "Data+Format.swift"; sourceTree = "<group>"; };
		FBBF854D1E977114001A246B /* loading.gif */ = {isa = PBXFileReference; lastKnownFileType = image.gif; path = loading.gif; sourceTree = "<group>"; };
/* End PBXFileReference section */

/* Begin PBXFrameworksBuildPhase section */
		FB5215FA1E8E58E300132DE9 /* Frameworks */ = {
			isa = PBXFrameworksBuildPhase;
			buildActionMask = 2147483647;
			files = (
				DE15966D9EB15E9B28DF3687 /* Pods_KSPopViewDemo.framework in Frameworks */,
			);
			runOnlyForDeploymentPostprocessing = 0;
		};
		FB52160E1E8E58E300132DE9 /* Frameworks */ = {
			isa = PBXFrameworksBuildPhase;
			buildActionMask = 2147483647;
			files = (
			);
			runOnlyForDeploymentPostprocessing = 0;
		};
		FB5216191E8E58E300132DE9 /* Frameworks */ = {
			isa = PBXFrameworksBuildPhase;
			buildActionMask = 2147483647;
			files = (
			);
			runOnlyForDeploymentPostprocessing = 0;
		};
/* End PBXFrameworksBuildPhase section */

/* Begin PBXGroup section */
		B0DA35B692C26B78847E45D4 /* Frameworks */ = {
			isa = PBXGroup;
			children = (
				91103BA8ED21F0B153ED13D7 /* Pods_KSPopViewDemo.framework */,
			);
			name = Frameworks;
			sourceTree = "<group>";
		};
		FB2BAD661E8FC49400374939 /* resource */ = {
			isa = PBXGroup;
			children = (
				FBBF854D1E977114001A246B /* loading.gif */,
				FBBF85431E94EE9D001A246B /* ic_success@2x.png */,
				FB2BAD671E8FC49400374939 /* toast_bg@2x.png */,
			);
			path = resource;
			sourceTree = "<group>";
		};
		FB5215F41E8E58E300132DE9 = {
			isa = PBXGroup;
			children = (
				FB5215FF1E8E58E300132DE9 /* KSPopViewDemo */,
				FB5216141E8E58E300132DE9 /* KSPopViewDemoTests */,
				FB52161F1E8E58E300132DE9 /* KSPopViewDemoUITests */,
				FB5215FE1E8E58E300132DE9 /* Products */,
				FFCDF980ACBA28F53AB27843 /* Pods */,
				B0DA35B692C26B78847E45D4 /* Frameworks */,
			);
			sourceTree = "<group>";
		};
		FB5215FE1E8E58E300132DE9 /* Products */ = {
			isa = PBXGroup;
			children = (
				FB5215FD1E8E58E300132DE9 /* KSPopViewDemo.app */,
				FB5216111E8E58E300132DE9 /* KSPopViewDemoTests.xctest */,
				FB52161C1E8E58E300132DE9 /* KSPopViewDemoUITests.xctest */,
			);
			name = Products;
			sourceTree = "<group>";
		};
		FB5215FF1E8E58E300132DE9 /* KSPopViewDemo */ = {
			isa = PBXGroup;
			children = (
				FB52162E1E8E590A00132DE9 /* KSPopView */,
				FB5216001E8E58E300132DE9 /* AppDelegate.swift */,
				FB5216021E8E58E300132DE9 /* ViewController.swift */,
				FB5216041E8E58E300132DE9 /* Main.storyboard */,
				FB5216071E8E58E300132DE9 /* Assets.xcassets */,
				FB5216091E8E58E300132DE9 /* LaunchScreen.storyboard */,
				FB52160C1E8E58E300132DE9 /* Info.plist */,
			);
			path = KSPopViewDemo;
			sourceTree = "<group>";
		};
		FB5216141E8E58E300132DE9 /* KSPopViewDemoTests */ = {
			isa = PBXGroup;
			children = (
				FB5216151E8E58E300132DE9 /* KSPopViewDemoTests.swift */,
				FB5216171E8E58E300132DE9 /* Info.plist */,
			);
			path = KSPopViewDemoTests;
			sourceTree = "<group>";
		};
		FB52161F1E8E58E300132DE9 /* KSPopViewDemoUITests */ = {
			isa = PBXGroup;
			children = (
				FB5216201E8E58E300132DE9 /* KSPopViewDemoUITests.swift */,
				FB5216221E8E58E300132DE9 /* Info.plist */,
			);
			path = KSPopViewDemoUITests;
			sourceTree = "<group>";
		};
		FB52162E1E8E590A00132DE9 /* KSPopView */ = {
			isa = PBXGroup;
			children = (
				FBBF85491E973D61001A246B /* Data+Format.swift */,
				FBBF85451E964722001A246B /* UIImage+Gif.swift */,
				FB52162F1E8E591D00132DE9 /* KSPopView.swift */,
				FB2BAD661E8FC49400374939 /* resource */,
			);
			path = KSPopView;
			sourceTree = "<group>";
		};
		FFCDF980ACBA28F53AB27843 /* Pods */ = {
			isa = PBXGroup;
			children = (
				78CC3920CDEFC15E2BD67D7C /* Pods-KSPopViewDemo.debug.xcconfig */,
				21FD4582200005E3236E0EEF /* Pods-KSPopViewDemo.release.xcconfig */,
			);
			name = Pods;
			sourceTree = "<group>";
		};
/* End PBXGroup section */

/* Begin PBXNativeTarget section */
		FB5215FC1E8E58E300132DE9 /* KSPopViewDemo */ = {
			isa = PBXNativeTarget;
			buildConfigurationList = FB5216251E8E58E300132DE9 /* Build configuration list for PBXNativeTarget "KSPopViewDemo" */;
			buildPhases = (
				C0DD7F3B1BAA58D9DC57317F /* [CP] Check Pods Manifest.lock */,
				FB5215F91E8E58E300132DE9 /* Sources */,
				FB5215FA1E8E58E300132DE9 /* Frameworks */,
				FB5215FB1E8E58E300132DE9 /* Resources */,
				F13A2E4BA637D988F7D225FA /* [CP] Embed Pods Frameworks */,
				16F4633F18AE59D88A10A22F /* [CP] Copy Pods Resources */,
			);
			buildRules = (
			);
			dependencies = (
			);
			name = KSPopViewDemo;
			productName = KSPopViewDemo;
			productReference = FB5215FD1E8E58E300132DE9 /* KSPopViewDemo.app */;
			productType = "com.apple.product-type.application";
		};
		FB5216101E8E58E300132DE9 /* KSPopViewDemoTests */ = {
			isa = PBXNativeTarget;
			buildConfigurationList = FB5216281E8E58E300132DE9 /* Build configuration list for PBXNativeTarget "KSPopViewDemoTests" */;
			buildPhases = (
				FB52160D1E8E58E300132DE9 /* Sources */,
				FB52160E1E8E58E300132DE9 /* Frameworks */,
				FB52160F1E8E58E300132DE9 /* Resources */,
			);
			buildRules = (
			);
			dependencies = (
				FB5216131E8E58E300132DE9 /* PBXTargetDependency */,
			);
			name = KSPopViewDemoTests;
			productName = KSPopViewDemoTests;
			productReference = FB5216111E8E58E300132DE9 /* KSPopViewDemoTests.xctest */;
			productType = "com.apple.product-type.bundle.unit-test";
		};
		FB52161B1E8E58E300132DE9 /* KSPopViewDemoUITests */ = {
			isa = PBXNativeTarget;
			buildConfigurationList = FB52162B1E8E58E300132DE9 /* Build configuration list for PBXNativeTarget "KSPopViewDemoUITests" */;
			buildPhases = (
				FB5216181E8E58E300132DE9 /* Sources */,
				FB5216191E8E58E300132DE9 /* Frameworks */,
				FB52161A1E8E58E300132DE9 /* Resources */,
			);
			buildRules = (
			);
			dependencies = (
				FB52161E1E8E58E300132DE9 /* PBXTargetDependency */,
			);
			name = KSPopViewDemoUITests;
			productName = KSPopViewDemoUITests;
			productReference = FB52161C1E8E58E300132DE9 /* KSPopViewDemoUITests.xctest */;
			productType = "com.apple.product-type.bundle.ui-testing";
		};
/* End PBXNativeTarget section */

/* Begin PBXProject section */
		FB5215F51E8E58E300132DE9 /* Project object */ = {
			isa = PBXProject;
			attributes = {
				LastSwiftUpdateCheck = 0830;
				LastUpgradeCheck = 0830;
				ORGANIZATIONNAME = keyser_soz;
				TargetAttributes = {
					FB5215FC1E8E58E300132DE9 = {
						CreatedOnToolsVersion = 8.3;
						DevelopmentTeam = WF47K32WT7;
						ProvisioningStyle = Automatic;
					};
					FB5216101E8E58E300132DE9 = {
						CreatedOnToolsVersion = 8.3;
						DevelopmentTeam = WF47K32WT7;
						ProvisioningStyle = Automatic;
						TestTargetID = FB5215FC1E8E58E300132DE9;
					};
					FB52161B1E8E58E300132DE9 = {
						CreatedOnToolsVersion = 8.3;
						DevelopmentTeam = WF47K32WT7;
						ProvisioningStyle = Automatic;
						TestTargetID = FB5215FC1E8E58E300132DE9;
					};
				};
			};
			buildConfigurationList = FB5215F81E8E58E300132DE9 /* Build configuration list for PBXProject "KSPopViewDemo" */;
			compatibilityVersion = "Xcode 3.2";
			developmentRegion = English;
			hasScannedForEncodings = 0;
			knownRegions = (
				en,
				Base,
			);
			mainGroup = FB5215F41E8E58E300132DE9;
			productRefGroup = FB5215FE1E8E58E300132DE9 /* Products */;
			projectDirPath = "";
			projectRoot = "";
			targets = (
				FB5215FC1E8E58E300132DE9 /* KSPopViewDemo */,
				FB5216101E8E58E300132DE9 /* KSPopViewDemoTests */,
				FB52161B1E8E58E300132DE9 /* KSPopViewDemoUITests */,
			);
		};
/* End PBXProject section */

/* Begin PBXResourcesBuildPhase section */
		FB5215FB1E8E58E300132DE9 /* Resources */ = {
			isa = PBXResourcesBuildPhase;
			buildActionMask = 2147483647;
			files = (
				FB52160B1E8E58E300132DE9 /* LaunchScreen.storyboard in Resources */,
				FB5216081E8E58E300132DE9 /* Assets.xcassets in Resources */,
				FB5216061E8E58E300132DE9 /* Main.storyboard in Resources */,
				FBBF854E1E977114001A246B /* loading.gif in Resources */,
				FB2BAD681E8FC49400374939 /* toast_bg@2x.png in Resources */,
				FBBF85441E94EE9D001A246B /* ic_success@2x.png in Resources */,
			);
			runOnlyForDeploymentPostprocessing = 0;
		};
		FB52160F1E8E58E300132DE9 /* Resources */ = {
			isa = PBXResourcesBuildPhase;
			buildActionMask = 2147483647;
			files = (
			);
			runOnlyForDeploymentPostprocessing = 0;
		};
		FB52161A1E8E58E300132DE9 /* Resources */ = {
			isa = PBXResourcesBuildPhase;
			buildActionMask = 2147483647;
			files = (
			);
			runOnlyForDeploymentPostprocessing = 0;
		};
/* End PBXResourcesBuildPhase section */

/* Begin PBXShellScriptBuildPhase section */
		16F4633F18AE59D88A10A22F /* [CP] Copy Pods Resources */ = {
			isa = PBXShellScriptBuildPhase;
			buildActionMask = 2147483647;
			files = (
			);
			inputPaths = (
			);
			name = "[CP] Copy Pods Resources";
			outputPaths = (
			);
			runOnlyForDeploymentPostprocessing = 0;
			shellPath = /bin/sh;
			shellScript = "\"${SRCROOT}/Pods/Target Support Files/Pods-KSPopViewDemo/Pods-KSPopViewDemo-resources.sh\"\n";
			showEnvVarsInLog = 0;
		};
		C0DD7F3B1BAA58D9DC57317F /* [CP] Check Pods Manifest.lock */ = {
			isa = PBXShellScriptBuildPhase;
			buildActionMask = 2147483647;
			files = (
			);
			inputPaths = (
			);
			name = "[CP] Check Pods Manifest.lock";
			outputPaths = (
			);
			runOnlyForDeploymentPostprocessing = 0;
			shellPath = /bin/sh;
			shellScript = "diff \"${PODS_PODFILE_DIR_PATH}/Podfile.lock\" \"${PODS_ROOT}/Manifest.lock\" > /dev/null\nif [ $? != 0 ] ; then\n    # print error to STDERR\n    echo \"error: The sandbox is not in sync with the Podfile.lock. Run 'pod install' or update your CocoaPods installation.\" >&2\n    exit 1\nfi\n";
			showEnvVarsInLog = 0;
		};
		F13A2E4BA637D988F7D225FA /* [CP] Embed Pods Frameworks */ = {
			isa = PBXShellScriptBuildPhase;
			buildActionMask = 2147483647;
			files = (
			);
			inputPaths = (
			);
			name = "[CP] Embed Pods Frameworks";
			outputPaths = (
			);
			runOnlyForDeploymentPostprocessing = 0;
			shellPath = /bin/sh;
			shellScript = "\"${SRCROOT}/Pods/Target Support Files/Pods-KSPopViewDemo/Pods-KSPopViewDemo-frameworks.sh\"\n";
			showEnvVarsInLog = 0;
		};
/* End PBXShellScriptBuildPhase section */

/* Begin PBXSourcesBuildPhase section */
		FB5215F91E8E58E300132DE9 /* Sources */ = {
			isa = PBXSourcesBuildPhase;
			buildActionMask = 2147483647;
			files = (
				FB5216031E8E58E300132DE9 /* ViewController.swift in Sources */,
				FB5216301E8E591D00132DE9 /* KSPopView.swift in Sources */,
				FBBF854A1E973D61001A246B /* Data+Format.swift in Sources */,
				FBBF85461E964722001A246B /* UIImage+Gif.swift in Sources */,
				FB5216011E8E58E300132DE9 /* AppDelegate.swift in Sources */,
			);
			runOnlyForDeploymentPostprocessing = 0;
		};
		FB52160D1E8E58E300132DE9 /* Sources */ = {
			isa = PBXSourcesBuildPhase;
			buildActionMask = 2147483647;
			files = (
				FB5216161E8E58E300132DE9 /* KSPopViewDemoTests.swift in Sources */,
			);
			runOnlyForDeploymentPostprocessing = 0;
		};
		FB5216181E8E58E300132DE9 /* Sources */ = {
			isa = PBXSourcesBuildPhase;
			buildActionMask = 2147483647;
			files = (
				FB5216211E8E58E300132DE9 /* KSPopViewDemoUITests.swift in Sources */,
			);
			runOnlyForDeploymentPostprocessing = 0;
		};
/* End PBXSourcesBuildPhase section */

/* Begin PBXTargetDependency section */
		FB5216131E8E58E300132DE9 /* PBXTargetDependency */ = {
			isa = PBXTargetDependency;
			target = FB5215FC1E8E58E300132DE9 /* KSPopViewDemo */;
			targetProxy = FB5216121E8E58E300132DE9 /* PBXContainerItemProxy */;
		};
		FB52161E1E8E58E300132DE9 /* PBXTargetDependency */ = {
			isa = PBXTargetDependency;
			target = FB5215FC1E8E58E300132DE9 /* KSPopViewDemo */;
			targetProxy = FB52161D1E8E58E300132DE9 /* PBXContainerItemProxy */;
		};
/* End PBXTargetDependency section */

/* Begin PBXVariantGroup section */
		FB5216041E8E58E300132DE9 /* Main.storyboard */ = {
			isa = PBXVariantGroup;
			children = (
				FB5216051E8E58E300132DE9 /* Base */,
			);
			name = Main.storyboard;
			sourceTree = "<group>";
		};
		FB5216091E8E58E300132DE9 /* LaunchScreen.storyboard */ = {
			isa = PBXVariantGroup;
			children = (
				FB52160A1E8E58E300132DE9 /* Base */,
			);
			name = LaunchScreen.storyboard;
			sourceTree = "<group>";
		};
/* End PBXVariantGroup section */

/* Begin XCBuildConfiguration section */
		FB5216231E8E58E300132DE9 /* Debug */ = {
			isa = XCBuildConfiguration;
			buildSettings = {
				ALWAYS_SEARCH_USER_PATHS = NO;
				CLANG_ANALYZER_NONNULL = YES;
				CLANG_ANALYZER_NUMBER_OBJECT_CONVERSION = YES_AGGRESSIVE;
				CLANG_CXX_LANGUAGE_STANDARD = "gnu++0x";
				CLANG_CXX_LIBRARY = "libc++";
				CLANG_ENABLE_MODULES = YES;
				CLANG_ENABLE_OBJC_ARC = YES;
				CLANG_WARN_BOOL_CONVERSION = YES;
				CLANG_WARN_CONSTANT_CONVERSION = YES;
				CLANG_WARN_DIRECT_OBJC_ISA_USAGE = YES_ERROR;
				CLANG_WARN_DOCUMENTATION_COMMENTS = YES;
				CLANG_WARN_EMPTY_BODY = YES;
				CLANG_WARN_ENUM_CONVERSION = YES;
				CLANG_WARN_INFINITE_RECURSION = YES;
				CLANG_WARN_INT_CONVERSION = YES;
				CLANG_WARN_OBJC_ROOT_CLASS = YES_ERROR;
				CLANG_WARN_SUSPICIOUS_MOVE = YES;
				CLANG_WARN_UNREACHABLE_CODE = YES;
				CLANG_WARN__DUPLICATE_METHOD_MATCH = YES;
				"CODE_SIGN_IDENTITY[sdk=iphoneos*]" = "iPhone Developer";
				COPY_PHASE_STRIP = NO;
				DEBUG_INFORMATION_FORMAT = dwarf;
				ENABLE_STRICT_OBJC_MSGSEND = YES;
				ENABLE_TESTABILITY = YES;
				GCC_C_LANGUAGE_STANDARD = gnu99;
				GCC_DYNAMIC_NO_PIC = NO;
				GCC_NO_COMMON_BLOCKS = YES;
				GCC_OPTIMIZATION_LEVEL = 0;
				GCC_PREPROCESSOR_DEFINITIONS = (
					"DEBUG=1",
					"$(inherited)",
				);
				GCC_WARN_64_TO_32_BIT_CONVERSION = YES;
				GCC_WARN_ABOUT_RETURN_TYPE = YES_ERROR;
				GCC_WARN_UNDECLARED_SELECTOR = YES;
				GCC_WARN_UNINITIALIZED_AUTOS = YES_AGGRESSIVE;
				GCC_WARN_UNUSED_FUNCTION = YES;
				GCC_WARN_UNUSED_VARIABLE = YES;
				IPHONEOS_DEPLOYMENT_TARGET = 10.3;
				MTL_ENABLE_DEBUG_INFO = YES;
				ONLY_ACTIVE_ARCH = YES;
				SDKROOT = iphoneos;
				SWIFT_ACTIVE_COMPILATION_CONDITIONS = DEBUG;
				SWIFT_OPTIMIZATION_LEVEL = "-Onone";
			};
			name = Debug;
		};
		FB5216241E8E58E300132DE9 /* Release */ = {
			isa = XCBuildConfiguration;
			buildSettings = {
				ALWAYS_SEARCH_USER_PATHS = NO;
				CLANG_ANALYZER_NONNULL = YES;
				CLANG_ANALYZER_NUMBER_OBJECT_CONVERSION = YES_AGGRESSIVE;
				CLANG_CXX_LANGUAGE_STANDARD = "gnu++0x";
				CLANG_CXX_LIBRARY = "libc++";
				CLANG_ENABLE_MODULES = YES;
				CLANG_ENABLE_OBJC_ARC = YES;
				CLANG_WARN_BOOL_CONVERSION = YES;
				CLANG_WARN_CONSTANT_CONVERSION = YES;
				CLANG_WARN_DIRECT_OBJC_ISA_USAGE = YES_ERROR;
				CLANG_WARN_DOCUMENTATION_COMMENTS = YES;
				CLANG_WARN_EMPTY_BODY = YES;
				CLANG_WARN_ENUM_CONVERSION = YES;
				CLANG_WARN_INFINITE_RECURSION = YES;
				CLANG_WARN_INT_CONVERSION = YES;
				CLANG_WARN_OBJC_ROOT_CLASS = YES_ERROR;
				CLANG_WARN_SUSPICIOUS_MOVE = YES;
				CLANG_WARN_UNREACHABLE_CODE = YES;
				CLANG_WARN__DUPLICATE_METHOD_MATCH = YES;
				"CODE_SIGN_IDENTITY[sdk=iphoneos*]" = "iPhone Developer";
				COPY_PHASE_STRIP = NO;
				DEBUG_INFORMATION_FORMAT = "dwarf-with-dsym";
				ENABLE_NS_ASSERTIONS = NO;
				ENABLE_STRICT_OBJC_MSGSEND = YES;
				GCC_C_LANGUAGE_STANDARD = gnu99;
				GCC_NO_COMMON_BLOCKS = YES;
				GCC_WARN_64_TO_32_BIT_CONVERSION = YES;
				GCC_WARN_ABOUT_RETURN_TYPE = YES_ERROR;
				GCC_WARN_UNDECLARED_SELECTOR = YES;
				GCC_WARN_UNINITIALIZED_AUTOS = YES_AGGRESSIVE;
				GCC_WARN_UNUSED_FUNCTION = YES;
				GCC_WARN_UNUSED_VARIABLE = YES;
				IPHONEOS_DEPLOYMENT_TARGET = 10.3;
				MTL_ENABLE_DEBUG_INFO = NO;
				SDKROOT = iphoneos;
				SWIFT_OPTIMIZATION_LEVEL = "-Owholemodule";
				VALIDATE_PRODUCT = YES;
			};
			name = Release;
		};
		FB5216261E8E58E300132DE9 /* Debug */ = {
			isa = XCBuildConfiguration;
			baseConfigurationReference = 78CC3920CDEFC15E2BD67D7C /* Pods-KSPopViewDemo.debug.xcconfig */;
			buildSettings = {
				ASSETCATALOG_COMPILER_APPICON_NAME = AppIcon;
				DEVELOPMENT_TEAM = WF47K32WT7;
				INFOPLIST_FILE = KSPopViewDemo/Info.plist;
				LD_RUNPATH_SEARCH_PATHS = "$(inherited) @executable_path/Frameworks";
				PRODUCT_BUNDLE_IDENTIFIER = "com.sougou-inc.KSPopViewDemo";
				PRODUCT_NAME = "$(TARGET_NAME)";
				SWIFT_VERSION = 3.0;
			};
			name = Debug;
		};
		FB5216271E8E58E300132DE9 /* Release */ = {
			isa = XCBuildConfiguration;
			baseConfigurationReference = 21FD4582200005E3236E0EEF /* Pods-KSPopViewDemo.release.xcconfig */;
			buildSettings = {
				ASSETCATALOG_COMPILER_APPICON_NAME = AppIcon;
				DEVELOPMENT_TEAM = WF47K32WT7;
				INFOPLIST_FILE = KSPopViewDemo/Info.plist;
				LD_RUNPATH_SEARCH_PATHS = "$(inherited) @executable_path/Frameworks";
				PRODUCT_BUNDLE_IDENTIFIER = "com.sougou-inc.KSPopViewDemo";
				PRODUCT_NAME = "$(TARGET_NAME)";
				SWIFT_VERSION = 3.0;
			};
			name = Release;
		};
		FB5216291E8E58E300132DE9 /* Debug */ = {
			isa = XCBuildConfiguration;
			buildSettings = {
				ALWAYS_EMBED_SWIFT_STANDARD_LIBRARIES = YES;
				BUNDLE_LOADER = "$(TEST_HOST)";
				DEVELOPMENT_TEAM = WF47K32WT7;
				INFOPLIST_FILE = KSPopViewDemoTests/Info.plist;
				LD_RUNPATH_SEARCH_PATHS = "$(inherited) @executable_path/Frameworks @loader_path/Frameworks";
				PRODUCT_BUNDLE_IDENTIFIER = "com.sougou-inc.KSPopViewDemoTests";
				PRODUCT_NAME = "$(TARGET_NAME)";
				SWIFT_VERSION = 3.0;
				TEST_HOST = "$(BUILT_PRODUCTS_DIR)/KSPopViewDemo.app/KSPopViewDemo";
			};
			name = Debug;
		};
		FB52162A1E8E58E300132DE9 /* Release */ = {
			isa = XCBuildConfiguration;
			buildSettings = {
				ALWAYS_EMBED_SWIFT_STANDARD_LIBRARIES = YES;
				BUNDLE_LOADER = "$(TEST_HOST)";
				DEVELOPMENT_TEAM = WF47K32WT7;
				INFOPLIST_FILE = KSPopViewDemoTests/Info.plist;
				LD_RUNPATH_SEARCH_PATHS = "$(inherited) @executable_path/Frameworks @loader_path/Frameworks";
				PRODUCT_BUNDLE_IDENTIFIER = "com.sougou-inc.KSPopViewDemoTests";
				PRODUCT_NAME = "$(TARGET_NAME)";
				SWIFT_VERSION = 3.0;
				TEST_HOST = "$(BUILT_PRODUCTS_DIR)/KSPopViewDemo.app/KSPopViewDemo";
			};
			name = Release;
		};
		FB52162C1E8E58E300132DE9 /* Debug */ = {
			isa = XCBuildConfiguration;
			buildSettings = {
				ALWAYS_EMBED_SWIFT_STANDARD_LIBRARIES = YES;
				DEVELOPMENT_TEAM = WF47K32WT7;
				INFOPLIST_FILE = KSPopViewDemoUITests/Info.plist;
				LD_RUNPATH_SEARCH_PATHS = "$(inherited) @executable_path/Frameworks @loader_path/Frameworks";
				PRODUCT_BUNDLE_IDENTIFIER = "com.sougou-inc.KSPopViewDemoUITests";
				PRODUCT_NAME = "$(TARGET_NAME)";
				SWIFT_VERSION = 3.0;
				TEST_TARGET_NAME = KSPopViewDemo;
			};
			name = Debug;
		};
		FB52162D1E8E58E300132DE9 /* Release */ = {
			isa = XCBuildConfiguration;
			buildSettings = {
				ALWAYS_EMBED_SWIFT_STANDARD_LIBRARIES = YES;
				DEVELOPMENT_TEAM = WF47K32WT7;
				INFOPLIST_FILE = KSPopViewDemoUITests/Info.plist;
				LD_RUNPATH_SEARCH_PATHS = "$(inherited) @executable_path/Frameworks @loader_path/Frameworks";
				PRODUCT_BUNDLE_IDENTIFIER = "com.sougou-inc.KSPopViewDemoUITests";
				PRODUCT_NAME = "$(TARGET_NAME)";
				SWIFT_VERSION = 3.0;
				TEST_TARGET_NAME = KSPopViewDemo;
			};
			name = Release;
		};
/* End XCBuildConfiguration section */

/* Begin XCConfigurationList section */
		FB5215F81E8E58E300132DE9 /* Build configuration list for PBXProject "KSPopViewDemo" */ = {
			isa = XCConfigurationList;
			buildConfigurations = (
				FB5216231E8E58E300132DE9 /* Debug */,
				FB5216241E8E58E300132DE9 /* Release */,
			);
			defaultConfigurationIsVisible = 0;
			defaultConfigurationName = Release;
		};
		FB5216251E8E58E300132DE9 /* Build configuration list for PBXNativeTarget "KSPopViewDemo" */ = {
			isa = XCConfigurationList;
			buildConfigurations = (
				FB5216261E8E58E300132DE9 /* Debug */,
				FB5216271E8E58E300132DE9 /* Release */,
			);
			defaultConfigurationIsVisible = 0;
			defaultConfigurationName = Release;
		};
		FB5216281E8E58E300132DE9 /* Build configuration list for PBXNativeTarget "KSPopViewDemoTests" */ = {
			isa = XCConfigurationList;
			buildConfigurations = (
				FB5216291E8E58E300132DE9 /* Debug */,
				FB52162A1E8E58E300132DE9 /* Release */,
			);
			defaultConfigurationIsVisible = 0;
			defaultConfigurationName = Release;
		};
		FB52162B1E8E58E300132DE9 /* Build configuration list for PBXNativeTarget "KSPopViewDemoUITests" */ = {
			isa = XCConfigurationList;
			buildConfigurations = (
				FB52162C1E8E58E300132DE9 /* Debug */,
				FB52162D1E8E58E300132DE9 /* Release */,
			);
			defaultConfigurationIsVisible = 0;
			defaultConfigurationName = Release;
		};
/* End XCConfigurationList section */
	};
	rootObject = FB5215F51E8E58E300132DE9 /* Project object */;
}
